<?xml version="1.0" encoding="utf-8"?>
<Project ToolsVersion="4.0" xmlns="http://schemas.microsoft.com/developer/msbuild/2003">
  <ItemGroup>
    <Filter Include="Source Files">
      <UniqueIdentifier>{4FC737F1-C7A5-4376-A066-2A32D752A2FF}</UniqueIdentifier>
      <Extensions>cpp;c;cc;cxx;c++;cppm;ixx;def;odl;idl;hpj;bat;asm;asmx</Extensions>
    </Filter>
    <Filter Include="Header Files">
      <UniqueIdentifier>{93995380-89BD-4b04-88EB-625FBE52EBFB}</UniqueIdentifier>
      <Extensions>h;hh;hpp;hxx;h++;hm;inl;inc;ipp;xsd</Extensions>
    </Filter>
    <Filter Include="Resource Files">
      <UniqueIdentifier>{67DA6AB6-F800-4c08-8B7A-83BB121AAD01}</UniqueIdentifier>
      <Extensions>rc;ico;cur;bmp;dlg;rc2;rct;bin;rgs;gif;jpg;jpeg;jpe;resx;tiff;tif;png;wav;mfcribbon-ms</Extensions>
    </Filter>
  </ItemGroup>
  <ItemGroup>
    <ClInclude Include="AArtillery.h">
      <Filter>Header Files</Filter>
    </ClInclude>
    <ClInclude Include="AGrenadier.h">
      <Filter>Header Files</Filter>
    </ClInclude>
    <ClInclude Include="AIFV.h">
      <Filter>Header Files</Filter>
    </ClInclude>
    <ClInclude Include="AlliedTroops.h">
      <Filter>Header Files</Filter>
    </ClInclude>
    <ClInclude Include="AMachinegunner.h">
      <Filter>Header Files</Filter>
    </ClInclude>
    <ClInclude Include="AMotar.h">
      <Filter>Header Files</Filter>
    </ClInclude>
    <ClInclude Include="ARiflesman.h">
      <Filter>Header Files</Filter>
    </ClInclude>
    <ClInclude Include="ATank.h">
      <Filter>Header Files</Filter>
    </ClInclude>
    <ClInclude Include="Backpack.h">
      <Filter>Header Files</Filter>
    </ClInclude>
    <ClInclude Include="EArtillery.h">
      <Filter>Header Files</Filter>
    </ClInclude>
    <ClInclude Include="EGrenadier.h">
      <Filter>Header Files</Filter>
    </ClInclude>
    <ClInclude Include="EIFV.h">
      <Filter>Header Files</Filter>
    </ClInclude>
    <ClInclude Include="EMachinegunner.h">
      <Filter>Header Files</Filter>
    </ClInclude>
    <ClInclude Include="EMotar.h">
      <Filter>Header Files</Filter>
    </ClInclude>
    <ClInclude Include="EnemyTroops.h">
      <Filter>Header Files</Filter>
    </ClInclude>
    <ClInclude Include="Entity.h">
      <Filter>Header Files</Filter>
    </ClInclude>
    <ClInclude Include="environmentalObjs.h">
      <Filter>Header Files</Filter>
    </ClInclude>
    <ClInclude Include="ERiflesman.h">
      <Filter>Header Files</Filter>
    </ClInclude>
    <ClInclude Include="ETank.h">
      <Filter>Header Files</Filter>
    </ClInclude>
    <ClInclude Include="gameui.h">
      <Filter>Header Files</Filter>
    </ClInclude>
    <ClInclude Include="lobby.h">
      <Filter>Header Files</Filter>
    </ClInclude>
    <ClInclude Include="map.h">
      <Filter>Header Files</Filter>
    </ClInclude>
    <ClInclude Include="mapmain1.h">
      <Filter>Header Files</Filter>
    </ClInclude>
    <ClInclude Include="mapmain2.h">
      <Filter>Header Files</Filter>
    </ClInclude>
    <ClInclude Include="mapmain3.h">
      <Filter>Header Files</Filter>
    </ClInclude>
    <ClInclude Include="mapmain4.h">
      <Filter>Header Files</Filter>
    </ClInclude>
    <ClInclude Include="mapmain5.h">
      <Filter>Header Files</Filter>
    </ClInclude>
    <ClInclude Include="Position.h">
      <Filter>Header Files</Filter>
    </ClInclude>
    <ClInclude Include="shop.h">
      <Filter>Header Files</Filter>
    </ClInclude>
    <ClInclude Include="walls.h">
      <Filter>Header Files</Filter>
    </ClInclude>
  </ItemGroup>
  <ItemGroup>
    <ClCompile Include="AArtillery.cpp">
      <Filter>Source Files</Filter>
    </ClCompile>
    <ClCompile Include="AGrenadier.cpp">
      <Filter>Source Files</Filter>
    </ClCompile>
    <ClCompile Include="AIFV.cpp">
      <Filter>Source Files</Filter>
    </ClCompile>
    <ClCompile Include="AlliedTroops.cpp">
      <Filter>Source Files</Filter>
    </ClCompile>
    <ClCompile Include="AMachinegunner.cpp">
      <Filter>Source Files</Filter>
    </ClCompile>
    <ClCompile Include="AMotar.cpp">
      <Filter>Source Files</Filter>
    </ClCompile>
    <ClCompile Include="ARiflesman.cpp">
      <Filter>Source Files</Filter>
    </ClCompile>
    <ClCompile Include="ATank.cpp">
      <Filter>Source Files</Filter>
    </ClCompile>
    <ClCompile Include="Backpack.cpp">
      <Filter>Source Files</Filter>
    </ClCompile>
    <ClCompile Include="EArtillery.cpp">
      <Filter>Source Files</Filter>
    </ClCompile>
    <ClCompile Include="EGrenadier.cpp">
      <Filter>Source Files</Filter>
    </ClCompile>
    <ClCompile Include="EIFV.cpp">
      <Filter>Source Files</Filter>
    </ClCompile>
    <ClCompile Include="EMachinegunner.cpp">
      <Filter>Source Files</Filter>
    </ClCompile>
    <ClCompile Include="EMotar.cpp">
      <Filter>Source Files</Filter>
    </ClCompile>
    <ClCompile Include="EnemyTroops.cpp">
      <Filter>Source Files</Filter>
    </ClCompile>
    <ClCompile Include="Entity.cpp">
      <Filter>Source Files</Filter>
    </ClCompile>
    <ClCompile Include="environmentalObjs.cpp">
      <Filter>Source Files</Filter>
    </ClCompile>
    <ClCompile Include="ERiflesman.cpp">
      <Filter>Source Files</Filter>
    </ClCompile>
    <ClCompile Include="ETank.cpp">
      <Filter>Source Files</Filter>
    </ClCompile>
    <ClCompile Include="gameui.cpp">
      <Filter>Source Files</Filter>
    </ClCompile>
    <ClCompile Include="lobby.cpp">
      <Filter>Source Files</Filter>
    </ClCompile>
    <ClCompile Include="main.cpp">
      <Filter>Source Files</Filter>
    </ClCompile>
    <ClCompile Include="map.cpp">
      <Filter>Source Files</Filter>
    </ClCompile>
    <ClCompile Include="mapmain1.cpp">
      <Filter>Source Files</Filter>
    </ClCompile>
    <ClCompile Include="mapmain2.cpp">
      <Filter>Source Files</Filter>
    </ClCompile>
    <ClCompile Include="mapmain3.cpp">
      <Filter>Source Files</Filter>
    </ClCompile>
    <ClCompile Include="mapmain4.cpp">
      <Filter>Source Files</Filter>
    </ClCompile>
    <ClCompile Include="mapmain5.cpp">
      <Filter>Source Files</Filter>
    </ClCompile>
    <ClCompile Include="Position.cpp">
      <Filter>Source Files</Filter>
    </ClCompile>
    <ClCompile Include="shop.cpp">
      <Filter>Source Files</Filter>
    </ClCompile>
    <ClCompile Include="walls.cpp">
      <Filter>Source Files</Filter>
    </ClCompile>
  </ItemGroup>
</Project>